// !$*UTF8*$!
{
	archiveVersion = 1;
	classes = {
	};
	objectVersion = 52;
	objects = {

/* Begin PBXBuildFile section */
		40240E64268D0BF000426D49 /* AppDelegate.m in Sources */ = {isa = PBXBuildFile; fileRef = 40240E63268D0BF000426D49 /* AppDelegate.m */; };
		40240E67268D0BF000426D49 /* ViewController.m in Sources */ = {isa = PBXBuildFile; fileRef = 40240E66268D0BF000426D49 /* ViewController.m */; };
		40240E6A268D0BF000426D49 /* Main.storyboard in Resources */ = {isa = PBXBuildFile; fileRef = 40240E68268D0BF000426D49 /* Main.storyboard */; };
		40240E6C268D0BF100426D49 /* Assets.xcassets in Resources */ = {isa = PBXBuildFile; fileRef = 40240E6B268D0BF100426D49 /* Assets.xcassets */; };
		40240E6F268D0BF100426D49 /* LaunchScreen.storyboard in Resources */ = {isa = PBXBuildFile; fileRef = 40240E6D268D0BF100426D49 /* LaunchScreen.storyboard */; };
		40240E72268D0BF100426D49 /* main.m in Sources */ = {isa = PBXBuildFile; fileRef = 40240E71268D0BF100426D49 /* main.m */; };
		407CFCD226958B6B004F2605 /* InnovidAdRenderer.xcframework in Frameworks */ = {isa = PBXBuildFile; fileRef = 407CFCD126958B6B004F2605 /* InnovidAdRenderer.xcframework */; };
		407CFCE226958B93004F2605 /* InnovidAdRenderer.xcframework in CopyFiles */ = {isa = PBXBuildFile; fileRef = 407CFCE126958B93004F2605 /* InnovidAdRenderer.xcframework */; settings = {ATTRIBUTES = (CodeSignOnCopy, RemoveHeadersOnCopy, ); }; };
		4095048E26AB837E00BFD57D /* CryptoSwift.xcframework in Frameworks */ = {isa = PBXBuildFile; fileRef = 4095048D26AB837E00BFD57D /* CryptoSwift.xcframework */; };
		4095048F26AB837E00BFD57D /* CryptoSwift.xcframework in CopyFiles */ = {isa = PBXBuildFile; fileRef = 4095048D26AB837E00BFD57D /* CryptoSwift.xcframework */; settings = {ATTRIBUTES = (CodeSignOnCopy, RemoveHeadersOnCopy, ); }; };
		4095049126AB838200BFD57D /* PusherSwift.xcframework in Frameworks */ = {isa = PBXBuildFile; fileRef = 4095049026AB838200BFD57D /* PusherSwift.xcframework */; };
		4095049226AB838200BFD57D /* PusherSwift.xcframework in CopyFiles */ = {isa = PBXBuildFile; fileRef = 4095049026AB838200BFD57D /* PusherSwift.xcframework */; settings = {ATTRIBUTES = (CodeSignOnCopy, RemoveHeadersOnCopy, ); }; };
		4095049426AB838700BFD57D /* Reachability.xcframework in Frameworks */ = {isa = PBXBuildFile; fileRef = 4095049326AB838700BFD57D /* Reachability.xcframework */; };
		4095049526AB838700BFD57D /* Reachability.xcframework in CopyFiles */ = {isa = PBXBuildFile; fileRef = 4095049326AB838700BFD57D /* Reachability.xcframework */; settings = {ATTRIBUTES = (CodeSignOnCopy, RemoveHeadersOnCopy, ); }; };
		4095049726AB838B00BFD57D /* SDWebImage.xcframework in Frameworks */ = {isa = PBXBuildFile; fileRef = 4095049626AB838B00BFD57D /* SDWebImage.xcframework */; };
		4095049826AB838B00BFD57D /* SDWebImage.xcframework in CopyFiles */ = {isa = PBXBuildFile; fileRef = 4095049626AB838B00BFD57D /* SDWebImage.xcframework */; settings = {ATTRIBUTES = (CodeSignOnCopy, RemoveHeadersOnCopy, ); }; };
		4095049A26AB838F00BFD57D /* Starscream.xcframework in Frameworks */ = {isa = PBXBuildFile; fileRef = 4095049926AB838F00BFD57D /* Starscream.xcframework */; };
		4095049B26AB838F00BFD57D /* Starscream.xcframework in CopyFiles */ = {isa = PBXBuildFile; fileRef = 4095049926AB838F00BFD57D /* Starscream.xcframework */; settings = {ATTRIBUTES = (CodeSignOnCopy, RemoveHeadersOnCopy, ); }; };
		4095049D26AB839300BFD57D /* TruexAdRenderer.xcframework in Frameworks */ = {isa = PBXBuildFile; fileRef = 4095049C26AB839300BFD57D /* TruexAdRenderer.xcframework */; };
		4095049E26AB839300BFD57D /* TruexAdRenderer.xcframework in CopyFiles */ = {isa = PBXBuildFile; fileRef = 4095049C26AB839300BFD57D /* TruexAdRenderer.xcframework */; settings = {ATTRIBUTES = (CodeSignOnCopy, RemoveHeadersOnCopy, ); }; };
		409504A026AB839600BFD57D /* TVOS360Video.xcframework in Frameworks */ = {isa = PBXBuildFile; fileRef = 4095049F26AB839600BFD57D /* TVOS360Video.xcframework */; };
		409504A126AB839600BFD57D /* TVOS360Video.xcframework in CopyFiles */ = {isa = PBXBuildFile; fileRef = 4095049F26AB839600BFD57D /* TVOS360Video.xcframework */; settings = {ATTRIBUTES = (CodeSignOnCopy, RemoveHeadersOnCopy, ); }; };
/* End PBXBuildFile section */

/* Begin PBXCopyFilesBuildPhase section */
		407CFCA1269587F6004F2605 /* CopyFiles */ = {
			isa = PBXCopyFilesBuildPhase;
			buildActionMask = 2147483647;
			dstPath = "";
			dstSubfolderSpec = 10;
			files = (
				4095049526AB838700BFD57D /* Reachability.xcframework in CopyFiles */,
				4095049226AB838200BFD57D /* PusherSwift.xcframework in CopyFiles */,
				4095049826AB838B00BFD57D /* SDWebImage.xcframework in CopyFiles */,
				409504A126AB839600BFD57D /* TVOS360Video.xcframework in CopyFiles */,
				4095048F26AB837E00BFD57D /* CryptoSwift.xcframework in CopyFiles */,
				4095049E26AB839300BFD57D /* TruexAdRenderer.xcframework in CopyFiles */,
				4095049B26AB838F00BFD57D /* Starscream.xcframework in CopyFiles */,
				407CFCE226958B93004F2605 /* InnovidAdRenderer.xcframework in CopyFiles */,
			);
			runOnlyForDeploymentPostprocessing = 0;
		};
/* End PBXCopyFilesBuildPhase section */

/* Begin PBXFileReference section */
		40240E5F268D0BF000426D49 /* TruexSimpleReferenceApp.app */ = {isa = PBXFileReference; explicitFileType = wrapper.application; includeInIndex = 0; path = TruexSimpleReferenceApp.app; sourceTree = BUILT_PRODUCTS_DIR; };
		40240E62268D0BF000426D49 /* AppDelegate.h */ = {isa = PBXFileReference; lastKnownFileType = sourcecode.c.h; path = AppDelegate.h; sourceTree = "<group>"; };
		40240E63268D0BF000426D49 /* AppDelegate.m */ = {isa = PBXFileReference; lastKnownFileType = sourcecode.c.objc; path = AppDelegate.m; sourceTree = "<group>"; };
		40240E65268D0BF000426D49 /* ViewController.h */ = {isa = PBXFileReference; lastKnownFileType = sourcecode.c.h; path = ViewController.h; sourceTree = "<group>"; };
		40240E66268D0BF000426D49 /* ViewController.m */ = {isa = PBXFileReference; lastKnownFileType = sourcecode.c.objc; path = ViewController.m; sourceTree = "<group>"; };
		40240E69268D0BF000426D49 /* Base */ = {isa = PBXFileReference; lastKnownFileType = file.storyboard; name = Base; path = Base.lproj/Main.storyboard; sourceTree = "<group>"; };
		40240E6B268D0BF100426D49 /* Assets.xcassets */ = {isa = PBXFileReference; lastKnownFileType = folder.assetcatalog; path = Assets.xcassets; sourceTree = "<group>"; };
		40240E6E268D0BF100426D49 /* Base */ = {isa = PBXFileReference; lastKnownFileType = file.storyboard; name = Base; path = Base.lproj/LaunchScreen.storyboard; sourceTree = "<group>"; };
		40240E70268D0BF100426D49 /* Info.plist */ = {isa = PBXFileReference; lastKnownFileType = text.plist.xml; path = Info.plist; sourceTree = "<group>"; };
		40240E71268D0BF100426D49 /* main.m */ = {isa = PBXFileReference; lastKnownFileType = sourcecode.c.objc; path = main.m; sourceTree = "<group>"; };
		407CFCCF26958B66004F2605 /* CryptoSwift.framework */ = {isa = PBXFileReference; lastKnownFileType = wrapper.framework; name = CryptoSwift.framework; path = Libraries/CryptoSwift/CryptoSwift.framework; sourceTree = "<group>"; };
		407CFCD126958B6B004F2605 /* InnovidAdRenderer.xcframework */ = {isa = PBXFileReference; lastKnownFileType = wrapper.xcframework; name = InnovidAdRenderer.xcframework; path = Libraries/InnovidAdRenderer_xcode12.0.0/InnovidAdRenderer.xcframework; sourceTree = "<group>"; };
		407CFCD326958B6F004F2605 /* PusherSwift.framework */ = {isa = PBXFileReference; lastKnownFileType = wrapper.framework; name = PusherSwift.framework; path = Libraries/PusherSwift/PusherSwift.framework; sourceTree = "<group>"; };
		407CFCD526958B72004F2605 /* Reachability.framework */ = {isa = PBXFileReference; lastKnownFileType = wrapper.framework; name = Reachability.framework; path = Libraries/ReachabilitySwift/Reachability.framework; sourceTree = "<group>"; };
		407CFCD726958B78004F2605 /* SDWebImage.framework */ = {isa = PBXFileReference; lastKnownFileType = wrapper.framework; name = SDWebImage.framework; path = Libraries/SDWebImage/SDWebImage.framework; sourceTree = "<group>"; };
		407CFCD926958B7C004F2605 /* Starscream.framework */ = {isa = PBXFileReference; lastKnownFileType = wrapper.framework; name = Starscream.framework; path = Libraries/Starscream/Starscream.framework; sourceTree = "<group>"; };
		407CFCDB26958B80004F2605 /* TruexAdRenderer.framework */ = {isa = PBXFileReference; lastKnownFileType = wrapper.framework; name = TruexAdRenderer.framework; path = Libraries/TruexAdRenderer/TruexAdRenderer.framework; sourceTree = "<group>"; };
		407CFCDD26958B85004F2605 /* TVOS360Video.framework */ = {isa = PBXFileReference; lastKnownFileType = wrapper.framework; name = TVOS360Video.framework; path = Libraries/TVOS360Video/TVOS360Video.framework; sourceTree = "<group>"; };
		407CFCDF26958B8D004F2605 /* CryptoSwift.framework */ = {isa = PBXFileReference; lastKnownFileType = wrapper.framework; name = CryptoSwift.framework; path = Libraries/CryptoSwift/CryptoSwift.framework; sourceTree = "<group>"; };
		407CFCE126958B93004F2605 /* InnovidAdRenderer.xcframework */ = {isa = PBXFileReference; lastKnownFileType = wrapper.xcframework; name = InnovidAdRenderer.xcframework; path = Libraries/InnovidAdRenderer_xcode12.0.0/InnovidAdRenderer.xcframework; sourceTree = "<group>"; };
		407CFCE326958B9D004F2605 /* PusherSwift.framework */ = {isa = PBXFileReference; lastKnownFileType = wrapper.framework; name = PusherSwift.framework; path = Libraries/PusherSwift/PusherSwift.framework; sourceTree = "<group>"; };
		407CFCE526958BAC004F2605 /* Reachability.framework */ = {isa = PBXFileReference; lastKnownFileType = wrapper.framework; name = Reachability.framework; path = Libraries/ReachabilitySwift/Reachability.framework; sourceTree = "<group>"; };
		407CFCE726958BB6004F2605 /* SDWebImage.framework */ = {isa = PBXFileReference; lastKnownFileType = wrapper.framework; name = SDWebImage.framework; path = Libraries/SDWebImage/SDWebImage.framework; sourceTree = "<group>"; };
		407CFCE926958BC3004F2605 /* Starscream.framework */ = {isa = PBXFileReference; lastKnownFileType = wrapper.framework; name = Starscream.framework; path = Libraries/Starscream/Starscream.framework; sourceTree = "<group>"; };
		407CFCEB26958BC9004F2605 /* TruexAdRenderer.framework */ = {isa = PBXFileReference; lastKnownFileType = wrapper.framework; name = TruexAdRenderer.framework; path = Libraries/TruexAdRenderer/TruexAdRenderer.framework; sourceTree = "<group>"; };
		407CFCED26958BCE004F2605 /* TVOS360Video.framework */ = {isa = PBXFileReference; lastKnownFileType = wrapper.framework; name = TVOS360Video.framework; path = Libraries/TVOS360Video/TVOS360Video.framework; sourceTree = "<group>"; };
		4095048D26AB837E00BFD57D /* CryptoSwift.xcframework */ = {isa = PBXFileReference; lastKnownFileType = wrapper.xcframework; name = CryptoSwift.xcframework; path = Libraries/CryptoSwift/CryptoSwift.xcframework; sourceTree = "<group>"; };
		4095049026AB838200BFD57D /* PusherSwift.xcframework */ = {isa = PBXFileReference; lastKnownFileType = wrapper.xcframework; name = PusherSwift.xcframework; path = Libraries/PusherSwift/PusherSwift.xcframework; sourceTree = "<group>"; };
		4095049326AB838700BFD57D /* Reachability.xcframework */ = {isa = PBXFileReference; lastKnownFileType = wrapper.xcframework; name = Reachability.xcframework; path = Libraries/ReachabilitySwift/Reachability.xcframework; sourceTree = "<group>"; };
		4095049626AB838B00BFD57D /* SDWebImage.xcframework */ = {isa = PBXFileReference; lastKnownFileType = wrapper.xcframework; name = SDWebImage.xcframework; path = Libraries/SDWebImage/SDWebImage.xcframework; sourceTree = "<group>"; };
		4095049926AB838F00BFD57D /* Starscream.xcframework */ = {isa = PBXFileReference; lastKnownFileType = wrapper.xcframework; name = Starscream.xcframework; path = Libraries/Starscream/Starscream.xcframework; sourceTree = "<group>"; };
		4095049C26AB839300BFD57D /* TruexAdRenderer.xcframework */ = {isa = PBXFileReference; lastKnownFileType = wrapper.xcframework; name = TruexAdRenderer.xcframework; path = Libraries/TruexAdRenderer/TruexAdRenderer.xcframework; sourceTree = "<group>"; };
		4095049F26AB839600BFD57D /* TVOS360Video.xcframework */ = {isa = PBXFileReference; lastKnownFileType = wrapper.xcframework; name = TVOS360Video.xcframework; path = Libraries/TVOS360Video/TVOS360Video.xcframework; sourceTree = "<group>"; };
		40971C72269503C9003CEFB4 /* TruexAdRenderer.framework */ = {isa = PBXFileReference; lastKnownFileType = wrapper.framework; name = TruexAdRenderer.framework; path = "../../../lib/truex/TruexAdRenderer-tvOS-v3.9.9/TruexAdRenderer.framework"; sourceTree = "<group>"; };
/* End PBXFileReference section */

/* Begin PBXFrameworksBuildPhase section */
		40240E5C268D0BF000426D49 /* Frameworks */ = {
			isa = PBXFrameworksBuildPhase;
			buildActionMask = 2147483647;
			files = (
				4095049426AB838700BFD57D /* Reachability.xcframework in Frameworks */,
				4095049126AB838200BFD57D /* PusherSwift.xcframework in Frameworks */,
				4095049726AB838B00BFD57D /* SDWebImage.xcframework in Frameworks */,
				409504A026AB839600BFD57D /* TVOS360Video.xcframework in Frameworks */,
				4095048E26AB837E00BFD57D /* CryptoSwift.xcframework in Frameworks */,
				4095049D26AB839300BFD57D /* TruexAdRenderer.xcframework in Frameworks */,
				4095049A26AB838F00BFD57D /* Starscream.xcframework in Frameworks */,
				407CFCD226958B6B004F2605 /* InnovidAdRenderer.xcframework in Frameworks */,
			);
			runOnlyForDeploymentPostprocessing = 0;
		};
/* End PBXFrameworksBuildPhase section */

/* Begin PBXGroup section */
		40240E56268D0BF000426D49 = {
			isa = PBXGroup;
			children = (
				407CFCED26958BCE004F2605 /* TVOS360Video.framework */,
				407CFCEB26958BC9004F2605 /* TruexAdRenderer.framework */,
				407CFCE926958BC3004F2605 /* Starscream.framework */,
				407CFCE726958BB6004F2605 /* SDWebImage.framework */,
				407CFCE526958BAC004F2605 /* Reachability.framework */,
				407CFCE326958B9D004F2605 /* PusherSwift.framework */,
				407CFCE126958B93004F2605 /* InnovidAdRenderer.xcframework */,
				407CFCDF26958B8D004F2605 /* CryptoSwift.framework */,
				40240E61268D0BF000426D49 /* TruexSimpleReferenceApp */,
				40240E60268D0BF000426D49 /* Products */,
				40971C71269503C9003CEFB4 /* Frameworks */,
			);
			sourceTree = "<group>";
		};
		40240E60268D0BF000426D49 /* Products */ = {
			isa = PBXGroup;
			children = (
				40240E5F268D0BF000426D49 /* TruexSimpleReferenceApp.app */,
			);
			name = Products;
			sourceTree = "<group>";
		};
		40240E61268D0BF000426D49 /* TruexSimpleReferenceApp */ = {
			isa = PBXGroup;
			children = (
				40240E62268D0BF000426D49 /* AppDelegate.h */,
				40240E63268D0BF000426D49 /* AppDelegate.m */,
				40240E65268D0BF000426D49 /* ViewController.h */,
				40240E66268D0BF000426D49 /* ViewController.m */,
				40240E68268D0BF000426D49 /* Main.storyboard */,
				40240E6B268D0BF100426D49 /* Assets.xcassets */,
				40240E6D268D0BF100426D49 /* LaunchScreen.storyboard */,
				40240E70268D0BF100426D49 /* Info.plist */,
				40240E71268D0BF100426D49 /* main.m */,
			);
			path = TruexSimpleReferenceApp;
			sourceTree = "<group>";
		};
		40971C71269503C9003CEFB4 /* Frameworks */ = {
			isa = PBXGroup;
			children = (
				4095049F26AB839600BFD57D /* TVOS360Video.xcframework */,
				4095049C26AB839300BFD57D /* TruexAdRenderer.xcframework */,
				4095049926AB838F00BFD57D /* Starscream.xcframework */,
				4095049626AB838B00BFD57D /* SDWebImage.xcframework */,
				4095049326AB838700BFD57D /* Reachability.xcframework */,
				4095049026AB838200BFD57D /* PusherSwift.xcframework */,
				4095048D26AB837E00BFD57D /* CryptoSwift.xcframework */,
				407CFCDD26958B85004F2605 /* TVOS360Video.framework */,
				407CFCDB26958B80004F2605 /* TruexAdRenderer.framework */,
				407CFCD926958B7C004F2605 /* Starscream.framework */,
				407CFCD726958B78004F2605 /* SDWebImage.framework */,
				407CFCD526958B72004F2605 /* Reachability.framework */,
				407CFCD326958B6F004F2605 /* PusherSwift.framework */,
				407CFCD126958B6B004F2605 /* InnovidAdRenderer.xcframework */,
				407CFCCF26958B66004F2605 /* CryptoSwift.framework */,
				40971C72269503C9003CEFB4 /* TruexAdRenderer.framework */,
			);
			name = Frameworks;
			sourceTree = "<group>";
		};
/* End PBXGroup section */

/* Begin PBXNativeTarget section */
		40240E5E268D0BF000426D49 /* TruexSimpleReferenceApp */ = {
			isa = PBXNativeTarget;
			buildConfigurationList = 40240E75268D0BF100426D49 /* Build configuration list for PBXNativeTarget "TruexSimpleReferenceApp" */;
			buildPhases = (
				40240E5B268D0BF000426D49 /* Sources */,
				40240E5C268D0BF000426D49 /* Frameworks */,
				40240E5D268D0BF000426D49 /* Resources */,
				407CFCA1269587F6004F2605 /* CopyFiles */,
			);
			buildRules = (
			);
			dependencies = (
			);
			name = TruexSimpleReferenceApp;
			productName = TruexSimpleReferenceApp;
			productReference = 40240E5F268D0BF000426D49 /* TruexSimpleReferenceApp.app */;
			productType = "com.apple.product-type.application";
		};
/* End PBXNativeTarget section */

/* Begin PBXProject section */
		40240E57268D0BF000426D49 /* Project object */ = {
			isa = PBXProject;
			attributes = {
				LastUpgradeCheck = 1240;
				ORGANIZATIONNAME = "true[X]";
				TargetAttributes = {
					40240E5E268D0BF000426D49 = {
						CreatedOnToolsVersion = 12.4;
					};
				};
			};
			buildConfigurationList = 40240E5A268D0BF000426D49 /* Build configuration list for PBXProject "TruexSimpleReferenceApp" */;
			compatibilityVersion = "Xcode 9.3";
			developmentRegion = en;
			hasScannedForEncodings = 0;
			knownRegions = (
				en,
				Base,
			);
			mainGroup = 40240E56268D0BF000426D49;
			productRefGroup = 40240E60268D0BF000426D49 /* Products */;
			projectDirPath = "";
			projectRoot = "";
			targets = (
				40240E5E268D0BF000426D49 /* TruexSimpleReferenceApp */,
			);
		};
/* End PBXProject section */

/* Begin PBXResourcesBuildPhase section */
		40240E5D268D0BF000426D49 /* Resources */ = {
			isa = PBXResourcesBuildPhase;
			buildActionMask = 2147483647;
			files = (
				40240E6F268D0BF100426D49 /* LaunchScreen.storyboard in Resources */,
				40240E6C268D0BF100426D49 /* Assets.xcassets in Resources */,
				40240E6A268D0BF000426D49 /* Main.storyboard in Resources */,
			);
			runOnlyForDeploymentPostprocessing = 0;
		};
/* End PBXResourcesBuildPhase section */

/* Begin PBXSourcesBuildPhase section */
		40240E5B268D0BF000426D49 /* Sources */ = {
			isa = PBXSourcesBuildPhase;
			buildActionMask = 2147483647;
			files = (
				40240E67268D0BF000426D49 /* ViewController.m in Sources */,
				40240E72268D0BF100426D49 /* main.m in Sources */,
				40240E64268D0BF000426D49 /* AppDelegate.m in Sources */,
			);
			runOnlyForDeploymentPostprocessing = 0;
		};
/* End PBXSourcesBuildPhase section */

/* Begin PBXVariantGroup section */
		40240E68268D0BF000426D49 /* Main.storyboard */ = {
			isa = PBXVariantGroup;
			children = (
				40240E69268D0BF000426D49 /* Base */,
			);
			name = Main.storyboard;
			sourceTree = "<group>";
		};
		40240E6D268D0BF100426D49 /* LaunchScreen.storyboard */ = {
			isa = PBXVariantGroup;
			children = (
				40240E6E268D0BF100426D49 /* Base */,
			);
			name = LaunchScreen.storyboard;
			sourceTree = "<group>";
		};
/* End PBXVariantGroup section */

/* Begin XCBuildConfiguration section */
		40240E73268D0BF100426D49 /* Debug */ = {
			isa = XCBuildConfiguration;
			buildSettings = {
				ALWAYS_SEARCH_USER_PATHS = NO;
				CLANG_ANALYZER_NONNULL = YES;
				CLANG_ANALYZER_NUMBER_OBJECT_CONVERSION = YES_AGGRESSIVE;
				CLANG_CXX_LANGUAGE_STANDARD = "gnu++14";
				CLANG_CXX_LIBRARY = "libc++";
				CLANG_ENABLE_MODULES = YES;
				CLANG_ENABLE_OBJC_ARC = YES;
				CLANG_ENABLE_OBJC_WEAK = YES;
				CLANG_WARN_BLOCK_CAPTURE_AUTORELEASING = YES;
				CLANG_WARN_BOOL_CONVERSION = YES;
				CLANG_WARN_COMMA = YES;
				CLANG_WARN_CONSTANT_CONVERSION = YES;
				CLANG_WARN_DEPRECATED_OBJC_IMPLEMENTATIONS = YES;
				CLANG_WARN_DIRECT_OBJC_ISA_USAGE = YES_ERROR;
				CLANG_WARN_DOCUMENTATION_COMMENTS = YES;
				CLANG_WARN_EMPTY_BODY = YES;
				CLANG_WARN_ENUM_CONVERSION = YES;
				CLANG_WARN_INFINITE_RECURSION = YES;
				CLANG_WARN_INT_CONVERSION = YES;
				CLANG_WARN_NON_LITERAL_NULL_CONVERSION = YES;
				CLANG_WARN_OBJC_IMPLICIT_RETAIN_SELF = YES;
				CLANG_WARN_OBJC_LITERAL_CONVERSION = YES;
				CLANG_WARN_OBJC_ROOT_CLASS = YES_ERROR;
				CLANG_WARN_QUOTED_INCLUDE_IN_FRAMEWORK_HEADER = YES;
				CLANG_WARN_RANGE_LOOP_ANALYSIS = YES;
				CLANG_WARN_STRICT_PROTOTYPES = YES;
				CLANG_WARN_SUSPICIOUS_MOVE = YES;
				CLANG_WARN_UNGUARDED_AVAILABILITY = YES_AGGRESSIVE;
				CLANG_WARN_UNREACHABLE_CODE = YES;
				CLANG_WARN__DUPLICATE_METHOD_MATCH = YES;
				COPY_PHASE_STRIP = NO;
				DEBUG_INFORMATION_FORMAT = dwarf;
				ENABLE_STRICT_OBJC_MSGSEND = YES;
				ENABLE_TESTABILITY = YES;
				GCC_C_LANGUAGE_STANDARD = gnu11;
				GCC_DYNAMIC_NO_PIC = NO;
				GCC_NO_COMMON_BLOCKS = YES;
				GCC_OPTIMIZATION_LEVEL = 0;
				GCC_PREPROCESSOR_DEFINITIONS = (
					"DEBUG=1",
					"$(inherited)",
				);
				GCC_WARN_64_TO_32_BIT_CONVERSION = YES;
				GCC_WARN_ABOUT_RETURN_TYPE = YES_ERROR;
				GCC_WARN_UNDECLARED_SELECTOR = YES;
				GCC_WARN_UNINITIALIZED_AUTOS = YES_AGGRESSIVE;
				GCC_WARN_UNUSED_FUNCTION = YES;
				GCC_WARN_UNUSED_VARIABLE = YES;
				MTL_ENABLE_DEBUG_INFO = INCLUDE_SOURCE;
				MTL_FAST_MATH = YES;
				ONLY_ACTIVE_ARCH = YES;
				SDKROOT = appletvos;
				TVOS_DEPLOYMENT_TARGET = 13.0;
			};
			name = Debug;
		};
		40240E74268D0BF100426D49 /* Release */ = {
			isa = XCBuildConfiguration;
			buildSettings = {
				ALWAYS_SEARCH_USER_PATHS = NO;
				CLANG_ANALYZER_NONNULL = YES;
				CLANG_ANALYZER_NUMBER_OBJECT_CONVERSION = YES_AGGRESSIVE;
				CLANG_CXX_LANGUAGE_STANDARD = "gnu++14";
				CLANG_CXX_LIBRARY = "libc++";
				CLANG_ENABLE_MODULES = YES;
				CLANG_ENABLE_OBJC_ARC = YES;
				CLANG_ENABLE_OBJC_WEAK = YES;
				CLANG_WARN_BLOCK_CAPTURE_AUTORELEASING = YES;
				CLANG_WARN_BOOL_CONVERSION = YES;
				CLANG_WARN_COMMA = YES;
				CLANG_WARN_CONSTANT_CONVERSION = YES;
				CLANG_WARN_DEPRECATED_OBJC_IMPLEMENTATIONS = YES;
				CLANG_WARN_DIRECT_OBJC_ISA_USAGE = YES_ERROR;
				CLANG_WARN_DOCUMENTATION_COMMENTS = YES;
				CLANG_WARN_EMPTY_BODY = YES;
				CLANG_WARN_ENUM_CONVERSION = YES;
				CLANG_WARN_INFINITE_RECURSION = YES;
				CLANG_WARN_INT_CONVERSION = YES;
				CLANG_WARN_NON_LITERAL_NULL_CONVERSION = YES;
				CLANG_WARN_OBJC_IMPLICIT_RETAIN_SELF = YES;
				CLANG_WARN_OBJC_LITERAL_CONVERSION = YES;
				CLANG_WARN_OBJC_ROOT_CLASS = YES_ERROR;
				CLANG_WARN_QUOTED_INCLUDE_IN_FRAMEWORK_HEADER = YES;
				CLANG_WARN_RANGE_LOOP_ANALYSIS = YES;
				CLANG_WARN_STRICT_PROTOTYPES = YES;
				CLANG_WARN_SUSPICIOUS_MOVE = YES;
				CLANG_WARN_UNGUARDED_AVAILABILITY = YES_AGGRESSIVE;
				CLANG_WARN_UNREACHABLE_CODE = YES;
				CLANG_WARN__DUPLICATE_METHOD_MATCH = YES;
				COPY_PHASE_STRIP = NO;
				DEBUG_INFORMATION_FORMAT = "dwarf-with-dsym";
				ENABLE_NS_ASSERTIONS = NO;
				ENABLE_STRICT_OBJC_MSGSEND = YES;
				GCC_C_LANGUAGE_STANDARD = gnu11;
				GCC_NO_COMMON_BLOCKS = YES;
				GCC_WARN_64_TO_32_BIT_CONVERSION = YES;
				GCC_WARN_ABOUT_RETURN_TYPE = YES_ERROR;
				GCC_WARN_UNDECLARED_SELECTOR = YES;
				GCC_WARN_UNINITIALIZED_AUTOS = YES_AGGRESSIVE;
				GCC_WARN_UNUSED_FUNCTION = YES;
				GCC_WARN_UNUSED_VARIABLE = YES;
				MTL_ENABLE_DEBUG_INFO = NO;
				MTL_FAST_MATH = YES;
				SDKROOT = appletvos;
				TVOS_DEPLOYMENT_TARGET = 13.0;
				VALIDATE_PRODUCT = YES;
			};
			name = Release;
		};
		40240E76268D0BF100426D49 /* Debug */ = {
			isa = XCBuildConfiguration;
			buildSettings = {
				ASSETCATALOG_COMPILER_APPICON_NAME = "App Icon & Top Shelf Image";
				ASSETCATALOG_COMPILER_GLOBAL_ACCENT_COLOR_NAME = AccentColor;
				CODE_SIGN_STYLE = Automatic;
				DEVELOPMENT_TEAM = 746G57X93G;
				FRAMEWORK_SEARCH_PATHS = (
					"$(inherited)",
					"$(PROJECT_DIR)/TruexAdRenderer-tvOS",
					"$(PROJECT_DIR)",
					"$(PROJECT_DIR)/CryptoSwift",
					"$(PROJECT_DIR)/PusherSwift",
					"$(PROJECT_DIR)/ReachabilitySwift",
					"$(PROJECT_DIR)/SDWebImage",
					"$(PROJECT_DIR)/Starscream",
					"$(PROJECT_DIR)/TVOS360Video",
					"$(PROJECT_DIR)/InnovidAdRenderer_xcode11.4.0",
					"$(PROJECT_DIR)/Libraries/CryptoSwift",
					"$(PROJECT_DIR)/Libraries/PusherSwift",
					"$(PROJECT_DIR)/Libraries/ReachabilitySwift",
					"$(PROJECT_DIR)/Libraries/SDWebImage",
					"$(PROJECT_DIR)/Libraries/Starscream",
					"$(PROJECT_DIR)/Libraries/TruexAdRenderer",
					"$(PROJECT_DIR)/Libraries/TVOS360Video",
				);
				INFOPLIST_FILE = TruexSimpleReferenceApp/Info.plist;
				LD_RUNPATH_SEARCH_PATHS = (
					"$(inherited)",
					"@executable_path/Frameworks",
				);
				PRODUCT_BUNDLE_IDENTIFIER = com.truex.tvos.simplereferenceapp;
				PRODUCT_NAME = "$(TARGET_NAME)";
				TARGETED_DEVICE_FAMILY = 3;
			};
			name = Debug;
		};
		40240E77268D0BF100426D49 /* Release */ = {
			isa = XCBuildConfiguration;
			buildSettings = {
				ASSETCATALOG_COMPILER_APPICON_NAME = "App Icon & Top Shelf Image";
				ASSETCATALOG_COMPILER_GLOBAL_ACCENT_COLOR_NAME = AccentColor;
				CODE_SIGN_STYLE = Automatic;
				DEVELOPMENT_TEAM = 746G57X93G;
				FRAMEWORK_SEARCH_PATHS = (
					"$(inherited)",
					"$(PROJECT_DIR)/TruexAdRenderer-tvOS",
					"$(PROJECT_DIR)",
					"$(PROJECT_DIR)/CryptoSwift",
					"$(PROJECT_DIR)/PusherSwift",
					"$(PROJECT_DIR)/ReachabilitySwift",
					"$(PROJECT_DIR)/SDWebImage",
					"$(PROJECT_DIR)/Starscream",
					"$(PROJECT_DIR)/TVOS360Video",
					"$(PROJECT_DIR)/InnovidAdRenderer_xcode11.4.0",
					"$(PROJECT_DIR)/Libraries/CryptoSwift",
					"$(PROJECT_DIR)/Libraries/PusherSwift",
					"$(PROJECT_DIR)/Libraries/ReachabilitySwift",
					"$(PROJECT_DIR)/Libraries/SDWebImage",
					"$(PROJECT_DIR)/Libraries/Starscream",
					"$(PROJECT_DIR)/Libraries/TruexAdRenderer",
					"$(PROJECT_DIR)/Libraries/TVOS360Video",
				);
				INFOPLIST_FILE = TruexSimpleReferenceApp/Info.plist;
				LD_RUNPATH_SEARCH_PATHS = (
					"$(inherited)",
					"@executable_path/Frameworks",
				);
				PRODUCT_BUNDLE_IDENTIFIER = com.truex.tvos.simplereferenceapp;
				PRODUCT_NAME = "$(TARGET_NAME)";
				TARGETED_DEVICE_FAMILY = 3;
			};
			name = Release;
		};
/* End XCBuildConfiguration section */

/* Begin XCConfigurationList section */
		40240E5A268D0BF000426D49 /* Build configuration list for PBXProject "TruexSimpleReferenceApp" */ = {
			isa = XCConfigurationList;
			buildConfigurations = (
				40240E73268D0BF100426D49 /* Debug */,
				40240E74268D0BF100426D49 /* Release */,
			);
			defaultConfigurationIsVisible = 0;
			defaultConfigurationName = Release;
		};
		40240E75268D0BF100426D49 /* Build configuration list for PBXNativeTarget "TruexSimpleReferenceApp" */ = {
			isa = XCConfigurationList;
			buildConfigurations = (
				40240E76268D0BF100426D49 /* Debug */,
				40240E77268D0BF100426D49 /* Release */,
			);
			defaultConfigurationIsVisible = 0;
			defaultConfigurationName = Release;
		};
/* End XCConfigurationList section */
	};
	rootObject = 40240E57268D0BF000426D49 /* Project object */;
}
